{
  "name": "basebee",
  "version": "0.0.1",
  "lockfileVersion": 3,
  "requires": true,
  "packages": {
    "": {
      "name": "basebee",
      "version": "0.0.1",
      "license": "MIT",
      "dependencies": {
        "autobase": "^6.5.5",
        "b4a": "^1.6.6",
        "compact-encoding": "^2.15.0",
        "delegates": "^1.0.0",
        "hyperbee": "^2.20.1",
        "hypercore-id-encoding": "^1.3.0",
        "streamx": "^2.20.1",
        "sub-encoder": "^2.1.3",
        "tiny-emitter": "^2.1.0"
      },
      "devDependencies": {
        "brittle": "^3.7.0",
        "corestore": "^6.18.4",
        "duplex-through": "^1.0.2",
        "not-secret-stream": "^1.0.0",
        "random-access-memory": "^6.2.1"
      }
    },
    "node_modules/@hyperswarm/secret-stream": {
      "version": "6.6.3",
      "resolved": "https://registry.npmjs.org/@hyperswarm/secret-stream/-/secret-stream-6.6.3.tgz",
      "integrity": "sha512-F/EF5KLUqjkTNFof1K5dz57CwrwjSzG0XxZe2X9t/2/mG5iQ28yJIwNcVabkWS1Wk2ZB719piVGKk6YbwkJ0aQ==",
      "license": "Apache-2.0",
      "dependencies": {
        "b4a": "^1.1.0",
        "hypercore-crypto": "^3.3.1",
        "noise-curve-ed": "^2.0.1",
        "noise-handshake": "^3.0.2",
        "sodium-secretstream": "^1.1.0",
        "sodium-universal": "^4.0.0",
        "streamx": "^2.14.0",
        "timeout-refresh": "^2.0.0"
      }
    },
    "node_modules/@istanbuljs/schema": {
      "version": "0.1.3",
      "resolved": "https://registry.npmjs.org/@istanbuljs/schema/-/schema-0.1.3.tgz",
      "integrity": "sha512-ZXRY4jNvVgSVQ8DL3LTcakaAtXwTVUxE81hslsyD2AtoXW/wVob10HkOJ1X/pAlcI7D+2YoZKg5do8G/w6RYgA==",
      "dev": true,
      "license": "MIT",
      "engines": {
        "node": ">=8"
      }
    },
    "node_modules/@jridgewell/resolve-uri": {
      "version": "3.1.2",
      "resolved": "https://registry.npmjs.org/@jridgewell/resolve-uri/-/resolve-uri-3.1.2.tgz",
      "integrity": "sha512-bRISgCIjP20/tbWSPWMEi54QVPRZExkuD9lJL+UIxUKtwVJA8wW1Trb1jMs1RFXo1CBTNZ/5hpC9QvmKWdopKw==",
      "dev": true,
      "license": "MIT",
      "engines": {
        "node": ">=6.0.0"
      }
    },
    "node_modules/@jridgewell/sourcemap-codec": {
      "version": "1.5.0",
      "resolved": "https://registry.npmjs.org/@jridgewell/sourcemap-codec/-/sourcemap-codec-1.5.0.tgz",
      "integrity": "sha512-gv3ZRaISU3fjPAgNsriBRqGWQL6quFx04YMPW/zD8XMLsU32mhCCbfbO6KZFLjvYpCZ8zyDEgqsgf+PwPaM7GQ==",
      "dev": true,
      "license": "MIT"
    },
    "node_modules/@jridgewell/trace-mapping": {
      "version": "0.3.25",
      "resolved": "https://registry.npmjs.org/@jridgewell/trace-mapping/-/trace-mapping-0.3.25.tgz",
      "integrity": "sha512-vNk6aEwybGtawWmy/PzwnGDOjCkLWSD2wqvjGGAgOAwCGWySYXfYoxt00IJkTF+8Lb57DwOb3Aa0o9CApepiYQ==",
      "dev": true,
      "license": "MIT",
      "dependencies": {
        "@jridgewell/resolve-uri": "^3.1.0",
        "@jridgewell/sourcemap-codec": "^1.4.14"
      }
    },
    "node_modules/@types/istanbul-lib-coverage": {
      "version": "2.0.6",
      "resolved": "https://registry.npmjs.org/@types/istanbul-lib-coverage/-/istanbul-lib-coverage-2.0.6.tgz",
      "integrity": "sha512-2QF/t/auWm0lsy8XtKVPG19v3sSOQlJe/YHZgfjb/KBBHOGSV+J2q/S671rcq9uTBrLAXmZpqJiaQbMT+zNU1w==",
      "dev": true,
      "license": "MIT"
    },
    "node_modules/autobase": {
      "version": "6.5.5",
      "resolved": "https://registry.npmjs.org/autobase/-/autobase-6.5.5.tgz",
      "integrity": "sha512-8vPrJlxuGFSWococ37OwFY/PPCzgXwJv0USYC8VF98CKe9t3/ilEkqzAo6xuf5cvN/arM65ELM1HFx0vba0Kog==",
      "license": "Apache-2.0",
      "dependencies": {
        "b4a": "^1.6.1",
        "bare-events": "^2.2.0",
        "core-coupler": "^1.0.0",
        "debounceify": "^1.0.0",
        "hyperbee": "^2.15.0",
        "hypercore": "^10.37.10",
        "hypercore-crypto": "^3.4.0",
        "hypercore-id-encoding": "^1.2.0",
        "mutexify": "^1.4.0",
        "nanoassert": "^2.0.0",
        "ready-resource": "^1.0.0",
        "safety-catch": "^1.0.2",
        "signal-promise": "^1.0.3",
        "sub-encoder": "^2.1.1",
        "tiny-buffer-map": "^1.1.1"
      }
    },
    "node_modules/b4a": {
      "version": "1.6.6",
      "resolved": "https://registry.npmjs.org/b4a/-/b4a-1.6.6.tgz",
      "integrity": "sha512-5Tk1HLk6b6ctmjIkAcU/Ujv/1WqiDl0F0JdRCR80VsOcUlHcu7pWeWRlOqQLHfDEsVx9YH/aif5AG4ehoCtTmg==",
      "license": "Apache-2.0"
    },
    "node_modules/bare-addon-resolve": {
      "version": "1.4.2",
      "resolved": "https://registry.npmjs.org/bare-addon-resolve/-/bare-addon-resolve-1.4.2.tgz",
      "integrity": "sha512-tvUF2orgRAfazmCwZuOUtj5sudU1iowTtwlD63BGvxh50KrHugBMQAUaSk4KxjfEznT99PuJyJSpc4ObPTiS6g==",
      "license": "Apache-2.0",
      "optional": true,
      "dependencies": {
        "bare-module-resolve": "^1.5.0"
      }
    },
    "node_modules/bare-cov": {
      "version": "1.0.1",
      "resolved": "https://registry.npmjs.org/bare-cov/-/bare-cov-1.0.1.tgz",
      "integrity": "sha512-r/qCY1ZWUvD0QY04ZHgRy8qXW/x+vD+Iofg1l/OiYmTz4h46oMF7DHWl/NkgUZBKK2X6QoE4Q/w/JvJDmh5+HQ==",
      "dev": true,
      "license": "Apache-2.0",
      "dependencies": {
        "@istanbuljs/schema": "^0.1.3",
        "istanbul-lib-coverage": "^3.2.2",
        "istanbul-lib-report": "^3.0.1",
        "istanbul-reports": "^3.1.7",
        "picomatch": "^4.0.2",
        "v8-to-istanbul": "^9.3.0"
      }
    },
    "node_modules/bare-events": {
      "version": "2.5.0",
      "resolved": "https://registry.npmjs.org/bare-events/-/bare-events-2.5.0.tgz",
      "integrity": "sha512-/E8dDe9dsbLyh2qrZ64PEPadOQ0F4gbl1sUJOrmph7xOiIxfY8vwab/4bFLh4Y88/Hk/ujKcrQKc+ps0mv873A==",
      "license": "Apache-2.0"
    },
    "node_modules/bare-fs": {
      "version": "2.3.5",
      "resolved": "https://registry.npmjs.org/bare-fs/-/bare-fs-2.3.5.tgz",
      "integrity": "sha512-SlE9eTxifPDJrT6YgemQ1WGFleevzwY+XAP1Xqgl56HtcrisC2CHCZ2tq6dBpcH2TnNxwUEUGhweo+lrQtYuiw==",
      "license": "Apache-2.0",
      "optional": true,
      "dependencies": {
        "bare-events": "^2.0.0",
        "bare-path": "^2.0.0",
        "bare-stream": "^2.0.0"
      }
    },
    "node_modules/bare-module-resolve": {
      "version": "1.6.2",
      "resolved": "https://registry.npmjs.org/bare-module-resolve/-/bare-module-resolve-1.6.2.tgz",
      "integrity": "sha512-bMQaTm9gYvDwJaXDsZPeT8jriiT/wnHy4V/wFoOxEci/OMe+SqECUKeZlchho0FOKvDMlWxzFtUiI4Nv6iozkw==",
      "license": "Apache-2.0",
      "optional": true,
      "dependencies": {
        "semifies": "^1.0.0"
      }
    },
    "node_modules/bare-os": {
      "version": "2.4.4",
      "resolved": "https://registry.npmjs.org/bare-os/-/bare-os-2.4.4.tgz",
      "integrity": "sha512-z3UiI2yi1mK0sXeRdc4O1Kk8aOa/e+FNWZcTiPB/dfTWyLypuE99LibgRaQki914Jq//yAWylcAt+mknKdixRQ==",
      "license": "Apache-2.0",
      "optional": true
    },
    "node_modules/bare-path": {
      "version": "2.1.3",
      "resolved": "https://registry.npmjs.org/bare-path/-/bare-path-2.1.3.tgz",
      "integrity": "sha512-lh/eITfU8hrj9Ru5quUp0Io1kJWIk1bTjzo7JH1P5dWmQ2EL4hFUlfI8FonAhSlgIfhn63p84CDY/x+PisgcXA==",
      "license": "Apache-2.0",
      "optional": true,
      "dependencies": {
        "bare-os": "^2.1.0"
      }
    },
    "node_modules/bare-stream": {
      "version": "2.3.0",
      "resolved": "https://registry.npmjs.org/bare-stream/-/bare-stream-2.3.0.tgz",
      "integrity": "sha512-pVRWciewGUeCyKEuRxwv06M079r+fRjAQjBEK2P6OYGrO43O+Z0LrPZZEjlc4mB6C2RpZ9AxJ1s7NLEtOHO6eA==",
      "license": "Apache-2.0",
      "optional": true,
      "dependencies": {
        "b4a": "^1.6.6",
        "streamx": "^2.20.0"
      }
    },
    "node_modules/big-sparse-array": {
      "version": "1.0.3",
      "resolved": "https://registry.npmjs.org/big-sparse-array/-/big-sparse-array-1.0.3.tgz",
      "integrity": "sha512-6RjV/3mSZORlMdpUaQ6rUSpG637cZm0//E54YYGtQg1c1O+AbZP8UTdJ/TchsDZcTVLmyWZcseBfp2HBeXUXOQ==",
      "license": "MIT"
    },
    "node_modules/brittle": {
      "version": "3.7.0",
      "resolved": "https://registry.npmjs.org/brittle/-/brittle-3.7.0.tgz",
      "integrity": "sha512-WfEnI1jqwQvvds19Hu2KN3/ducDwnBe1U/URZk1gLgKd7yh4gvsN/8mViZ4NCF2gz+oZ054LIhAMWjsvmE/WBg==",
      "dev": true,
      "license": "Apache-2.0",
      "dependencies": {
        "b4a": "^1.6.0",
        "bare-cov": "^1.0.1",
        "error-stack-parser": "^2.1.4",
        "globbie": "^1.0.0",
        "minimist": "^1.2.6",
        "same-object": "^1.0.2",
        "tmatch": "^5.0.0"
      },
      "bin": {
        "brittle": "cmd.js"
      }
    },
    "node_modules/codecs": {
      "version": "3.1.0",
      "resolved": "https://registry.npmjs.org/codecs/-/codecs-3.1.0.tgz",
      "integrity": "sha512-Dqx8NwvBvnMeuPQdVKy/XEF71igjR5apxBvCGeV0pP1tXadOiaLvDTXt7xh+/5wI1ASB195mXQGJbw3Ml4YDWQ==",
      "license": "MIT",
      "dependencies": {
        "b4a": "^1.6.3"
      }
    },
    "node_modules/compact-encoding": {
      "version": "2.15.0",
      "resolved": "https://registry.npmjs.org/compact-encoding/-/compact-encoding-2.15.0.tgz",
      "integrity": "sha512-af/NomxL9Mo0lqCk++rxLLDZI+lJqeBrPt4dK6FbjxTCEhfC9yQAIoO6yq9ixyCirce0luQwErkwJrhem6clxA==",
      "license": "Apache-2.0",
      "dependencies": {
        "b4a": "^1.3.0"
      }
    },
    "node_modules/convert-source-map": {
      "version": "2.0.0",
      "resolved": "https://registry.npmjs.org/convert-source-map/-/convert-source-map-2.0.0.tgz",
      "integrity": "sha512-Kvp459HrV2FEJ1CAsi1Ku+MY3kasH19TFykTz2xWmMeq6bk2NU3XXvfJ+Q61m0xktWwt+1HSYf3JZsTms3aRJg==",
      "dev": true,
      "license": "MIT"
    },
    "node_modules/core-coupler": {
      "version": "1.1.1",
      "resolved": "https://registry.npmjs.org/core-coupler/-/core-coupler-1.1.1.tgz",
      "integrity": "sha512-Nx33Vy3FYNd5fX1NX7Xk4jH5LQog84YWBMNsSafc4xFDIHSNAurtg+a9/y+ZRMSh38x2d29kHcamB0YZE+w0Rw==",
      "license": "Apache-2.0",
      "dependencies": {
        "safety-catch": "^1.0.2"
      }
    },
    "node_modules/corestore": {
      "version": "6.18.4",
      "resolved": "https://registry.npmjs.org/corestore/-/corestore-6.18.4.tgz",
      "integrity": "sha512-KL1cOUyj3DFRNzeVRekGPRiGN4sIfGo7BsncSJQQBT3Rh2y1nQ32MOR9X5DlOMlWIT4txwqBzhzam6+JXtwFVw==",
      "dev": true,
      "license": "MIT",
      "dependencies": {
        "b4a": "^1.6.4",
        "hypercore": "^10.37.10",
        "hypercore-crypto": "^3.4.0",
        "hypercore-id-encoding": "^1.2.0",
        "read-write-mutexify": "^2.1.0",
        "ready-resource": "^1.0.0",
        "safety-catch": "^1.0.1",
        "sodium-universal": "^4.0.0",
        "xache": "^1.1.0"
      }
    },
    "node_modules/crc-native": {
      "version": "1.1.1",
      "resolved": "https://registry.npmjs.org/crc-native/-/crc-native-1.1.1.tgz",
      "integrity": "sha512-Qr1DdDkcMY5Q3vi7lYGDaYdtOpPyFY3h/7cSLMhc95jhI6Gnf3bV/stJ3MKfSJqe8cWnUuJ+vUrbNKw5HA+LEw==",
      "license": "Apache-2.0",
      "optional": true,
      "dependencies": {
        "load-addon": "^1.0.0"
      }
    },
    "node_modules/crc-universal": {
      "version": "1.0.4",
      "resolved": "https://registry.npmjs.org/crc-universal/-/crc-universal-1.0.4.tgz",
      "integrity": "sha512-CE9xWEI6Gd5V0Bdmj5NoWH3d7+EIe4zUpy1sv6uvKYznzsDP1vhiWsTBmL6q9IrH2P6RRshp+8AkhR4CMtY5Hg==",
      "license": "ISC",
      "optionalDependencies": {
        "crc-native": "^1.0.3"
      }
    },
    "node_modules/debounceify": {
      "version": "1.1.0",
      "resolved": "https://registry.npmjs.org/debounceify/-/debounceify-1.1.0.tgz",
      "integrity": "sha512-eKuHDVfJVg+u/0nPy8P+fhnLgbyuTgVxuCRrS/R7EpDSMMkBDgSes41MJtSAY1F1hcqfHz3Zy/qpqHHIp/EhdA==",
      "license": "MIT"
    },
    "node_modules/delegates": {
      "version": "1.0.0",
      "resolved": "https://registry.npmjs.org/delegates/-/delegates-1.0.0.tgz",
      "integrity": "sha512-bd2L678uiWATM6m5Z1VzNCErI3jiGzt6HGY8OVICs40JQq/HALfbyNJmp0UDakEY4pMMaN0Ly5om/B1VI/+xfQ==",
      "license": "MIT"
    },
    "node_modules/duplex-through": {
      "version": "1.0.2",
      "resolved": "https://registry.npmjs.org/duplex-through/-/duplex-through-1.0.2.tgz",
      "integrity": "sha512-i/O3P+TY1cF9YrxPB9ySVqpxXbya/JiQxeHaBeXplzkyJU/W5ZCe6pqNShqczQP7R2kra0SL1yr78Ma6FcZKIw==",
      "dev": true,
      "license": "MIT",
      "dependencies": {
        "streamx": "^2.12.5"
      }
    },
    "node_modules/error-stack-parser": {
      "version": "2.1.4",
      "resolved": "https://registry.npmjs.org/error-stack-parser/-/error-stack-parser-2.1.4.tgz",
      "integrity": "sha512-Sk5V6wVazPhq5MhpO+AUxJn5x7XSXGl1R93Vn7i+zS15KDVxQijejNCrz8340/2bgLBjR9GtEG8ZVKONDjcqGQ==",
      "dev": true,
      "license": "MIT",
      "dependencies": {
        "stackframe": "^1.3.4"
      }
    },
    "node_modules/fast-fifo": {
      "version": "1.3.2",
      "resolved": "https://registry.npmjs.org/fast-fifo/-/fast-fifo-1.3.2.tgz",
      "integrity": "sha512-/d9sfos4yxzpwkDkuN7k2SqFKtYNmCTzgfEpz82x34IM9/zc8KGxQoXg1liNC/izpRM/MBdt44Nmx41ZWqk+FQ==",
      "license": "MIT"
    },
    "node_modules/flat-tree": {
      "version": "1.11.0",
      "resolved": "https://registry.npmjs.org/flat-tree/-/flat-tree-1.11.0.tgz",
      "integrity": "sha512-dO6oawiYBpTROI9RZQ1seCFyNTr5UGnIdk5Ep+h7MbluB8ijnpA+tufJG5AA1hb6HSjhYI8qRo+negHnkBPqVA==",
      "license": "MIT"
    },
    "node_modules/framed-stream": {
      "version": "1.0.1",
      "resolved": "https://registry.npmjs.org/framed-stream/-/framed-stream-1.0.1.tgz",
      "integrity": "sha512-x0At1ETY20yXARxM6Qr5BGasgPpD0/HVYDyA7Uiaf9LfSqrb8p/F9i0s2/8YoeHkZcJeKsnwWBrnJCfZZoxHjA==",
      "dev": true,
      "license": "MIT",
      "dependencies": {
        "b4a": "^1.6.1",
        "streamx": "^2.13.0"
      }
    },
    "node_modules/fs-native-extensions": {
      "version": "1.2.7",
      "resolved": "https://registry.npmjs.org/fs-native-extensions/-/fs-native-extensions-1.2.7.tgz",
      "integrity": "sha512-IIWKE5oNTMNwp03daCbRgnCaiEdd0r/BPHwD3Ns4NlHH28FQgfwg0ntg8AgaPO236wN0szt2t1NM+VmCW2TcxQ==",
      "hasInstallScript": true,
      "license": "Apache-2.0",
      "optional": true,
      "dependencies": {
        "napi-macros": "^2.0.0",
        "node-gyp-build": "^4.2.3"
      }
    },
    "node_modules/globbie": {
      "version": "1.0.1",
      "resolved": "https://registry.npmjs.org/globbie/-/globbie-1.0.1.tgz",
      "integrity": "sha512-gcokK9aku5LU7KgbQAmtjtxmBbp0viw7qNZr6aA3p/YqSg7G1rZXA9wx2xsUSi3F3pashx0wmUs68lMXXNbSgw==",
      "dev": true,
      "license": "Apache-2.0",
      "dependencies": {
        "brittle": "^3.6.0",
        "picomatch": "^4.0.2"
      }
    },
    "node_modules/has-flag": {
      "version": "4.0.0",
      "resolved": "https://registry.npmjs.org/has-flag/-/has-flag-4.0.0.tgz",
      "integrity": "sha512-EykJT/Q1KjTWctppgIAgfSO0tKVuZUjhgMr17kqTumMl6Afv3EISleU7qZUzoXDFTAHTDC4NOoG/ZxU3EvlMPQ==",
      "dev": true,
      "license": "MIT",
      "engines": {
        "node": ">=8"
      }
    },
    "node_modules/html-escaper": {
      "version": "2.0.2",
      "resolved": "https://registry.npmjs.org/html-escaper/-/html-escaper-2.0.2.tgz",
      "integrity": "sha512-H2iMtd0I4Mt5eYiapRdIDjp+XzelXQ0tFE4JS7YFwFevXXMmOp9myNrUvCg0D6ws8iqkRPBfKHgbwig1SmlLfg==",
      "dev": true,
      "license": "MIT"
    },
    "node_modules/hyperbee": {
      "version": "2.20.1",
      "resolved": "https://registry.npmjs.org/hyperbee/-/hyperbee-2.20.1.tgz",
      "integrity": "sha512-q6UNdCalpqmXdfveoQ/VvyOrF3GBWXcWR0XAG4fj7S27ckoMskzT+BwJEsWBaUI9iAOvjcbvJ1Oe6NEXMhFBrg==",
      "license": "MIT",
      "dependencies": {
        "b4a": "^1.6.0",
        "codecs": "^3.0.0",
        "debounceify": "^1.0.0",
        "hypercore-errors": "^1.0.0",
        "mutexify": "^1.4.0",
        "protocol-buffers-encodings": "^1.2.0",
        "rache": "^1.0.0",
        "ready-resource": "^1.0.0",
        "safety-catch": "^1.0.2",
        "streamx": "^2.12.4",
        "unslab": "^1.2.0"
      }
    },
    "node_modules/hypercore": {
      "version": "10.37.22",
      "resolved": "https://registry.npmjs.org/hypercore/-/hypercore-10.37.22.tgz",
      "integrity": "sha512-4xF+l2V7musYWD3Dfti7+AumBD6q+Kr32wnsQgB+HsBez7yueqidrZhFJlvq2zDH2fwu+rvFLSObIj/ObHjrdA==",
      "license": "MIT",
      "dependencies": {
        "@hyperswarm/secret-stream": "^6.0.0",
        "b4a": "^1.1.0",
        "bare-events": "^2.2.0",
        "big-sparse-array": "^1.0.3",
        "compact-encoding": "^2.11.0",
        "crc-universal": "^1.0.2",
        "fast-fifo": "^1.3.0",
        "flat-tree": "^1.9.0",
        "hypercore-crypto": "^3.2.1",
        "hypercore-errors": "^1.2.0",
        "hypercore-id-encoding": "^1.2.0",
        "hypertrace": "^1.2.1",
        "is-options": "^1.0.1",
        "protomux": "^3.5.0",
        "quickbit-universal": "^2.2.0",
        "random-access-file": "^4.0.0",
        "random-array-iterator": "^1.0.0",
        "safety-catch": "^1.0.1",
        "sodium-universal": "^4.0.0",
        "streamx": "^2.12.4",
        "unslab": "^1.3.0",
        "xache": "^1.1.0",
        "z32": "^1.0.0"
      }
    },
    "node_modules/hypercore-crypto": {
      "version": "3.4.2",
      "resolved": "https://registry.npmjs.org/hypercore-crypto/-/hypercore-crypto-3.4.2.tgz",
      "integrity": "sha512-16ii4M6T1dFfRa41Szv3IR0wXfImJMYJ8ysZEGwHEDH7sMeWVEBck6tg1GCNutYl39E+H7wMY2p3ndCRfj+XdQ==",
      "license": "MIT",
      "dependencies": {
        "b4a": "^1.6.6",
        "compact-encoding": "^2.15.0",
        "sodium-universal": "^4.0.1"
      }
    },
    "node_modules/hypercore-errors": {
      "version": "1.3.0",
      "resolved": "https://registry.npmjs.org/hypercore-errors/-/hypercore-errors-1.3.0.tgz",
      "integrity": "sha512-WsmSu05Ve1hXaT/2Etwz7mgZ1sAXe8EaveahUfaeECllxvYNaP5EbAPw5YaA4OqR3d217litGt4qKch9TBnavA==",
      "license": "Apache-2.0"
    },
    "node_modules/hypercore-id-encoding": {
      "version": "1.3.0",
      "resolved": "https://registry.npmjs.org/hypercore-id-encoding/-/hypercore-id-encoding-1.3.0.tgz",
      "integrity": "sha512-W6sHdGo5h7LXEsoWfKf/KfuROZmZRQDlGqJF2EPHW+noCK66Vvr0+zE6cL0vqQi18s0kQPeN7Sq3QyR0Ytc2VQ==",
      "license": "Apache-2.0",
      "dependencies": {
        "b4a": "^1.5.3",
        "z32": "^1.0.0"
      }
    },
    "node_modules/hypertrace": {
      "version": "1.4.2",
      "resolved": "https://registry.npmjs.org/hypertrace/-/hypertrace-1.4.2.tgz",
      "integrity": "sha512-sa6iq1FaJ03Db3eUl5ZodyOL3fheyrum9xzeHasXOQ/AprTT6vS1WjpbXfYkHhmzVmyn0jBW/VsCb1QaBkGyow==",
      "license": "Apache-2.0"
    },
    "node_modules/is-options": {
      "version": "1.0.2",
      "resolved": "https://registry.npmjs.org/is-options/-/is-options-1.0.2.tgz",
      "integrity": "sha512-u+Ai74c8Q74aS8BuHwPdI1jptGOT1FQXgCq8/zv0xRuE+wRgSMEJLj8lVO8Zp9BeGb29BXY6AsNPinfqjkr7Fg==",
      "license": "MIT",
      "dependencies": {
        "b4a": "^1.1.1"
      }
    },
    "node_modules/istanbul-lib-coverage": {
      "version": "3.2.2",
      "resolved": "https://registry.npmjs.org/istanbul-lib-coverage/-/istanbul-lib-coverage-3.2.2.tgz",
      "integrity": "sha512-O8dpsF+r0WV/8MNRKfnmrtCWhuKjxrq2w+jpzBL5UZKTi2LeVWnWOmWRxFlesJONmc+wLAGvKQZEOanko0LFTg==",
      "dev": true,
      "license": "BSD-3-Clause",
      "engines": {
        "node": ">=8"
      }
    },
    "node_modules/istanbul-lib-report": {
      "version": "3.0.1",
      "resolved": "https://registry.npmjs.org/istanbul-lib-report/-/istanbul-lib-report-3.0.1.tgz",
      "integrity": "sha512-GCfE1mtsHGOELCU8e/Z7YWzpmybrx/+dSTfLrvY8qRmaY6zXTKWn6WQIjaAFw069icm6GVMNkgu0NzI4iPZUNw==",
      "dev": true,
      "license": "BSD-3-Clause",
      "dependencies": {
        "istanbul-lib-coverage": "^3.0.0",
        "make-dir": "^4.0.0",
        "supports-color": "^7.1.0"
      },
      "engines": {
        "node": ">=10"
      }
    },
    "node_modules/istanbul-reports": {
      "version": "3.1.7",
      "resolved": "https://registry.npmjs.org/istanbul-reports/-/istanbul-reports-3.1.7.tgz",
      "integrity": "sha512-BewmUXImeuRk2YY0PVbxgKAysvhRPUQE0h5QRM++nVWyubKGV0l8qQ5op8+B2DOmwSe63Jivj0BjkPQVf8fP5g==",
      "dev": true,
      "license": "BSD-3-Clause",
      "dependencies": {
        "html-escaper": "^2.0.0",
        "istanbul-lib-report": "^3.0.0"
      },
      "engines": {
        "node": ">=8"
      }
    },
    "node_modules/load-addon": {
      "version": "1.0.0",
      "resolved": "https://registry.npmjs.org/load-addon/-/load-addon-1.0.0.tgz",
      "integrity": "sha512-6XaA7xfpHW1CeQRrLFE9+9y8nDZMX3ZaoCMSo+Gp2i58dfY549SQqqb2ukAgQtAACEDJmaroHJvnL03cJ+KLvA==",
      "license": "Apache-2.0",
      "optional": true,
      "dependencies": {
        "bare-addon-resolve": "^1.3.0"
      }
    },
    "node_modules/make-dir": {
      "version": "4.0.0",
      "resolved": "https://registry.npmjs.org/make-dir/-/make-dir-4.0.0.tgz",
      "integrity": "sha512-hXdUTZYIVOt1Ex//jAQi+wTZZpUpwBj/0QsOzqegb3rGMMeJiSEu5xLHnYfBrRV4RH2+OCSOO95Is/7x1WJ4bw==",
      "dev": true,
      "license": "MIT",
      "dependencies": {
        "semver": "^7.5.3"
      },
      "engines": {
        "node": ">=10"
      },
      "funding": {
        "url": "https://github.com/sponsors/sindresorhus"
      }
    },
    "node_modules/minimist": {
      "version": "1.2.8",
      "resolved": "https://registry.npmjs.org/minimist/-/minimist-1.2.8.tgz",
      "integrity": "sha512-2yyAR8qBkN3YuheJanUpWC5U3bb5osDywNB8RzDVlDwDHbocAJveqqj1u8+SVD7jkWT4yvsHCpWqqWqAxb0zCA==",
      "dev": true,
      "license": "MIT",
      "funding": {
        "url": "https://github.com/sponsors/ljharb"
      }
    },
    "node_modules/mutexify": {
      "version": "1.4.0",
      "resolved": "https://registry.npmjs.org/mutexify/-/mutexify-1.4.0.tgz",
      "integrity": "sha512-pbYSsOrSB/AKN5h/WzzLRMFgZhClWccf2XIB4RSMC8JbquiB0e0/SH5AIfdQMdyHmYtv4seU7yV/TvAwPLJ1Yg==",
      "license": "MIT",
      "dependencies": {
        "queue-tick": "^1.0.0"
      }
    },
    "node_modules/nanoassert": {
      "version": "2.0.0",
      "resolved": "https://registry.npmjs.org/nanoassert/-/nanoassert-2.0.0.tgz",
      "integrity": "sha512-7vO7n28+aYO4J+8w96AzhmU8G+Y/xpPDJz/se19ICsqj/momRbb9mh9ZUtkoJ5X3nTnPdhEJyc0qnM6yAsHBaA==",
      "license": "ISC"
    },
    "node_modules/napi-macros": {
      "version": "2.2.2",
      "resolved": "https://registry.npmjs.org/napi-macros/-/napi-macros-2.2.2.tgz",
      "integrity": "sha512-hmEVtAGYzVQpCKdbQea4skABsdXW4RUh5t5mJ2zzqowJS2OyXZTU1KhDVFhx+NlWZ4ap9mqR9TcDO3LTTttd+g==",
      "license": "MIT",
      "optional": true
    },
    "node_modules/node-gyp-build": {
      "version": "4.8.2",
      "resolved": "https://registry.npmjs.org/node-gyp-build/-/node-gyp-build-4.8.2.tgz",
      "integrity": "sha512-IRUxE4BVsHWXkV/SFOut4qTlagw2aM8T5/vnTsmrHJvVoKueJHRc/JaFND7QDDc61kLYUJ6qlZM3sqTSyx2dTw==",
      "license": "MIT",
      "bin": {
        "node-gyp-build": "bin.js",
        "node-gyp-build-optional": "optional.js",
        "node-gyp-build-test": "build-test.js"
      }
    },
    "node_modules/noise-curve-ed": {
      "version": "2.0.1",
      "resolved": "https://registry.npmjs.org/noise-curve-ed/-/noise-curve-ed-2.0.1.tgz",
      "integrity": "sha512-8HMZ40Wmarg8RQjVemLrjB49JSL6eGeOD+tlzaQW5/p+hNPfHFEMC3UZZ57zUqUprMuz6GN+gsPExpz2DWL+iA==",
      "license": "ISC",
      "dependencies": {
        "b4a": "^1.1.0",
        "nanoassert": "^2.0.0",
        "sodium-universal": "^4.0.0"
      }
    },
    "node_modules/noise-handshake": {
      "version": "3.1.0",
      "resolved": "https://registry.npmjs.org/noise-handshake/-/noise-handshake-3.1.0.tgz",
      "integrity": "sha512-0S1qkUvMbTvZCfgr/vSkVT84YyvI4Q0OLwSc5BFxVmjaePrxAwVeXeJDY3A7N/7+qj95gZ15LaNoP9ZnBXH5Lw==",
      "license": "ISC",
      "dependencies": {
        "b4a": "^1.1.0",
        "nanoassert": "^2.0.0",
        "sodium-universal": "^4.0.0"
      }
    },
    "node_modules/not-secret-stream": {
      "version": "1.0.0",
      "resolved": "https://registry.npmjs.org/not-secret-stream/-/not-secret-stream-1.0.0.tgz",
      "integrity": "sha512-dQCpjl44rsCbGDrH0tcEIxX8J1zun+e9q1HT8eABm5JFZb2O3G457y2n/mP7TT3VYTx+0uLgn9hLCP/aug8RhQ==",
      "dev": true,
      "license": "ISC",
      "dependencies": {
        "b4a": "^1.6.6",
        "compact-encoding": "^2.15.0",
        "framed-stream": "^1.0.1",
        "hypercore-crypto": "^3.4.2",
        "streamx": "^2.17.0"
      }
    },
    "node_modules/picomatch": {
      "version": "4.0.2",
      "resolved": "https://registry.npmjs.org/picomatch/-/picomatch-4.0.2.tgz",
      "integrity": "sha512-M7BAV6Rlcy5u+m6oPhAPFgJTzAioX/6B0DxyvDlo9l8+T3nLKbrczg2WLUyzd45L8RqfUMyGPzekbMvX2Ldkwg==",
      "dev": true,
      "license": "MIT",
      "engines": {
        "node": ">=12"
      },
      "funding": {
        "url": "https://github.com/sponsors/jonschlinkert"
      }
    },
    "node_modules/protocol-buffers-encodings": {
      "version": "1.2.0",
      "resolved": "https://registry.npmjs.org/protocol-buffers-encodings/-/protocol-buffers-encodings-1.2.0.tgz",
      "integrity": "sha512-daeNPuKh1NlLD1uDfbLpD+xyUTc07nEtfHwmBZmt/vH0B7VOM+JOCOpDcx9ZRpqHjAiIkGqyTDi+wfGSl17R9w==",
      "license": "MIT",
      "dependencies": {
        "b4a": "^1.6.0",
        "signed-varint": "^2.0.1",
        "varint": "5.0.0"
      }
    },
    "node_modules/protomux": {
      "version": "3.9.2",
      "resolved": "https://registry.npmjs.org/protomux/-/protomux-3.9.2.tgz",
      "integrity": "sha512-s439dAQSrCg3rohE+Vn7UJN20bBUKNu/4m/+pSNKnavo14HHPsW7BP6YtfXD63qPDRwfM8la3r4DA1EQGM8iYQ==",
      "license": "MIT",
      "dependencies": {
        "b4a": "^1.3.1",
        "compact-encoding": "^2.5.1",
        "hypertrace": "^1.4.2",
        "queue-tick": "^1.0.0",
        "safety-catch": "^1.0.1",
        "unslab": "^1.3.0"
      }
    },
    "node_modules/queue-tick": {
      "version": "1.0.1",
      "resolved": "https://registry.npmjs.org/queue-tick/-/queue-tick-1.0.1.tgz",
      "integrity": "sha512-kJt5qhMxoszgU/62PLP1CJytzd2NKetjSRnyuj31fDd3Rlcz3fzlFdFLD1SItunPwyqEOkca6GbV612BWfaBag==",
      "license": "MIT"
    },
    "node_modules/quickbit-native": {
      "version": "2.3.1",
      "resolved": "https://registry.npmjs.org/quickbit-native/-/quickbit-native-2.3.1.tgz",
      "integrity": "sha512-/WOLyxcG6jFjuCuiND9/gXRlR4Po20UGhuc9izpVLioiJ2hWhoIgrNaTCkwgnPhrr1Rz8DGNCntJNEyspfo0Ug==",
      "license": "Apache-2.0",
      "optional": true,
      "dependencies": {
        "b4a": "^1.6.0",
        "load-addon": "^1.0.0"
      }
    },
    "node_modules/quickbit-universal": {
      "version": "2.2.0",
      "resolved": "https://registry.npmjs.org/quickbit-universal/-/quickbit-universal-2.2.0.tgz",
      "integrity": "sha512-w02i1R8n7+6pEKTud8DfF8zbFY9o7RtPlUc3jWbtCkDKvhbx/AvV7oNnz4/TcmsPGpSJS+fq5Ud6RH6+YPvSGg==",
      "license": "ISC",
      "dependencies": {
        "b4a": "^1.6.0",
        "simdle-universal": "^1.1.0"
      },
      "optionalDependencies": {
        "quickbit-native": "^2.2.0"
      }
    },
    "node_modules/rache": {
      "version": "1.0.0",
      "resolved": "https://registry.npmjs.org/rache/-/rache-1.0.0.tgz",
      "integrity": "sha512-e0k0g0w/8jOCB+7YqCIlOa+OJ38k0wrYS4x18pMSmqOvLKoyhmMhmQyCcvfY6VaP8D75cqkEnlakXs+RYYLqNg==",
      "license": "Apache-2.0"
    },
    "node_modules/random-access-file": {
      "version": "4.0.7",
      "resolved": "https://registry.npmjs.org/random-access-file/-/random-access-file-4.0.7.tgz",
      "integrity": "sha512-SOLseGmpbJRLLrVEDOJY3rqX1AwUmQnN0IAMjRLvld3fexaL8hYgti6VFuyT72bDMWSwVyvQROHh6FcE+PefKQ==",
      "license": "MIT",
      "dependencies": {
        "random-access-storage": "^3.0.0"
      },
      "optionalDependencies": {
        "bare-fs": "^2.1.1",
        "bare-path": "^2.1.0",
        "fs-native-extensions": "^1.1.0"
      }
    },
    "node_modules/random-access-memory": {
      "version": "6.2.1",
      "resolved": "https://registry.npmjs.org/random-access-memory/-/random-access-memory-6.2.1.tgz",
      "integrity": "sha512-hUeu1PbGLmWeyze9LwwSNaqloivNYjFsARIYxRdgUgn0wrdvMG+RszrfTG8814zfcXOgy4pFO2TpX/Cl3hRO4w==",
      "dev": true,
      "license": "MIT",
      "dependencies": {
        "b4a": "^1.6.0",
        "is-options": "^1.0.2",
        "random-access-storage": "^3.0.0"
      }
    },
    "node_modules/random-access-storage": {
      "version": "3.0.2",
      "resolved": "https://registry.npmjs.org/random-access-storage/-/random-access-storage-3.0.2.tgz",
      "integrity": "sha512-Es9maUyWdJXWKckKy9s1+vT+DEgAt+PBb9lxPaake/0EDUsHehloKGv9v1zimS2V3gpFAcQXubvc1Rgci2sDPQ==",
      "license": "MIT",
      "dependencies": {
        "bare-events": "^2.2.0",
        "queue-tick": "^1.0.0"
      }
    },
    "node_modules/random-array-iterator": {
      "version": "1.0.0",
      "resolved": "https://registry.npmjs.org/random-array-iterator/-/random-array-iterator-1.0.0.tgz",
      "integrity": "sha512-u7xCM93XqKEvPTP6xZp2ehttcAemKnh73oKNf1FvzuVCfpt6dILDt1Kxl1LeBjm2iNIeR49VGFhy4Iz3yOun+Q==",
      "license": "MIT"
    },
    "node_modules/read-write-mutexify": {
      "version": "2.1.0",
      "resolved": "https://registry.npmjs.org/read-write-mutexify/-/read-write-mutexify-2.1.0.tgz",
      "integrity": "sha512-fDw/p5/acI1ytVY1UbxEDma/ej1yJH/n9NcjS9YNzcE6sPBPWdlru3ydRa/UBowUg4zqOvNMD5SOGYJrlQ6MzQ==",
      "dev": true,
      "license": "MIT"
    },
    "node_modules/ready-resource": {
      "version": "1.1.1",
      "resolved": "https://registry.npmjs.org/ready-resource/-/ready-resource-1.1.1.tgz",
      "integrity": "sha512-EQbJs+wXphM1opGCpYSp3toAID8okqGDLmhjGLCiptMfMHGcTxdP3lsmSsYwU+lbrUXrbuhhgcDPge656X48VQ==",
      "license": "MIT",
      "dependencies": {
        "bare-events": "^2.2.0"
      }
    },
    "node_modules/safety-catch": {
      "version": "1.0.2",
      "resolved": "https://registry.npmjs.org/safety-catch/-/safety-catch-1.0.2.tgz",
      "integrity": "sha512-C1UYVZ4dtbBxEtvOcpjBaaD27nP8MlvyAQEp2fOTOEe6pfUpk1cDUxij6BR1jZup6rSyUTaBBplK7LanskrULA==",
      "license": "MIT"
    },
    "node_modules/same-object": {
      "version": "1.0.2",
      "resolved": "https://registry.npmjs.org/same-object/-/same-object-1.0.2.tgz",
      "integrity": "sha512-csHWhvUsLbIOHDM/nP+KHWM+BLPsIzWkFa8HbzaI0G7BqKXgx+7FJpKTGgLXyz5amfdY2OVBcmXTqYOMEk04og==",
      "dev": true,
      "license": "MIT"
    },
    "node_modules/semifies": {
      "version": "1.0.0",
      "resolved": "https://registry.npmjs.org/semifies/-/semifies-1.0.0.tgz",
      "integrity": "sha512-xXR3KGeoxTNWPD4aBvL5NUpMTT7WMANr3EWnaS190QVkY52lqqcVRD7Q05UVbBhiWDGWMlJEUam9m7uFFGVScw==",
      "license": "Apache-2.0",
      "optional": true
    },
    "node_modules/semver": {
      "version": "7.6.3",
      "resolved": "https://registry.npmjs.org/semver/-/semver-7.6.3.tgz",
      "integrity": "sha512-oVekP1cKtI+CTDvHWYFUcMtsK/00wmAEfyqKfNdARm8u1wNVhSgaX7A8d4UuIlUI5e84iEwOhs7ZPYRmzU9U6A==",
      "dev": true,
      "license": "ISC",
      "bin": {
        "semver": "bin/semver.js"
      },
      "engines": {
        "node": ">=10"
      }
    },
    "node_modules/signal-promise": {
      "version": "1.0.3",
      "resolved": "https://registry.npmjs.org/signal-promise/-/signal-promise-1.0.3.tgz",
      "integrity": "sha512-WBgv0UnIq2C+Aeh0/n+IRpP6967eIx9WpynTUoiW3isPpfe1zu2LJzyfXdo9Tgef8yR/sGjcMvoUXD7EYdiz+g==",
      "license": "MIT"
    },
    "node_modules/signed-varint": {
      "version": "2.0.1",
      "resolved": "https://registry.npmjs.org/signed-varint/-/signed-varint-2.0.1.tgz",
      "integrity": "sha512-abgDPg1106vuZZOvw7cFwdCABddfJRz5akcCcchzTbhyhYnsG31y4AlZEgp315T7W3nQq5P4xeOm186ZiPVFzw==",
      "license": "MIT",
      "dependencies": {
        "varint": "~5.0.0"
      }
    },
    "node_modules/simdle-native": {
      "version": "1.3.1",
      "resolved": "https://registry.npmjs.org/simdle-native/-/simdle-native-1.3.1.tgz",
      "integrity": "sha512-QEFxH5JPLzMJy8pzv6Y/RA9K7F0MDOXcB+as6V+XlNOPI5Lpt0LjR6cl3muvBHk6oZiiHj5O8TOkP8ToN9kbsQ==",
      "license": "Apache-2.0",
      "optional": true,
      "dependencies": {
        "b4a": "^1.6.0",
        "load-addon": "^1.0.0"
      }
    },
    "node_modules/simdle-universal": {
      "version": "1.1.2",
      "resolved": "https://registry.npmjs.org/simdle-universal/-/simdle-universal-1.1.2.tgz",
      "integrity": "sha512-3n3w1bs+uwgHKQjt6arez83EywNlhZzYvNOhvAASTl/8KqNIcqr6aHyGt3JRlfuUC7iB0tomJRPlJ2cRGIpBzA==",
      "license": "ISC",
      "dependencies": {
        "b4a": "^1.6.0"
      },
      "optionalDependencies": {
        "simdle-native": "^1.1.1"
      }
    },
    "node_modules/sodium-native": {
      "version": "4.2.0",
      "resolved": "https://registry.npmjs.org/sodium-native/-/sodium-native-4.2.0.tgz",
      "integrity": "sha512-rdJRAf/RE/IRFUUoUsz10slNAQDTGz5ChpIeR1Ti0BtGYstl6Uok4hHALPBdnFcLml6qXJ2pDd0/De09mPa6mg==",
      "hasInstallScript": true,
      "license": "MIT",
      "dependencies": {
        "node-gyp-build": "^4.8.0"
      }
    },
    "node_modules/sodium-secretstream": {
      "version": "1.1.0",
      "resolved": "https://registry.npmjs.org/sodium-secretstream/-/sodium-secretstream-1.1.0.tgz",
      "integrity": "sha512-Qg7D2xomELDjDCWAmE4izk1aecG/il8pQIGmSWFaKgah/V58BVWG/PuSZF6vseTpcqnetIFGaOWzmPNzyTD50A==",
      "license": "MIT",
      "dependencies": {
        "b4a": "^1.1.1",
        "sodium-universal": "^4.0.0"
      }
    },
    "node_modules/sodium-universal": {
      "version": "4.0.1",
      "resolved": "https://registry.npmjs.org/sodium-universal/-/sodium-universal-4.0.1.tgz",
      "integrity": "sha512-sNp13PrxYLaUFHTGoDKkSDFvoEu51bfzE12RwGlqU1fcrkpAOK0NvizaJzOWV0Omtk9me2+Pnbjcf/l0efxuGQ==",
      "license": "MIT",
      "dependencies": {
        "sodium-native": "^4.0.0"
      },
      "peerDependencies": {
        "sodium-javascript": "~0.8.0"
      },
      "peerDependenciesMeta": {
        "sodium-javascript": {
          "optional": true
        }
      }
    },
    "node_modules/stackframe": {
      "version": "1.3.4",
      "resolved": "https://registry.npmjs.org/stackframe/-/stackframe-1.3.4.tgz",
      "integrity": "sha512-oeVtt7eWQS+Na6F//S4kJ2K2VbRlS9D43mAlMyVpVWovy9o+jfgH8O9agzANzaiLjclA0oYzUXEM4PurhSUChw==",
      "dev": true,
      "license": "MIT"
    },
    "node_modules/streamx": {
      "version": "2.20.1",
      "resolved": "https://registry.npmjs.org/streamx/-/streamx-2.20.1.tgz",
      "integrity": "sha512-uTa0mU6WUC65iUvzKH4X9hEdvSW7rbPxPtwfWiLMSj3qTdQbAiUboZTxauKfpFuGIGa1C2BYijZ7wgdUXICJhA==",
      "license": "MIT",
      "dependencies": {
        "fast-fifo": "^1.3.2",
        "queue-tick": "^1.0.1",
        "text-decoder": "^1.1.0"
      },
      "optionalDependencies": {
        "bare-events": "^2.2.0"
      }
    },
    "node_modules/sub-encoder": {
      "version": "2.1.3",
      "resolved": "https://registry.npmjs.org/sub-encoder/-/sub-encoder-2.1.3.tgz",
      "integrity": "sha512-Xxx04ygZo/1J3yHvaSA6VhDmiSaBQkw/PmO3YnnYFXle+tfOGToC6FcDpIfMztWZXJzuKG14b/57HMkiL58C6A==",
      "license": "Apache-2.0",
      "dependencies": {
        "b4a": "^1.6.0",
        "codecs": "^3.1.0"
      }
    },
    "node_modules/supports-color": {
      "version": "7.2.0",
      "resolved": "https://registry.npmjs.org/supports-color/-/supports-color-7.2.0.tgz",
      "integrity": "sha512-qpCAvRl9stuOHveKsn7HncJRvv501qIacKzQlO/+Lwxc9+0q2wLyv4Dfvt80/DPn2pqOBsJdDiogXGR9+OvwRw==",
      "dev": true,
      "license": "MIT",
      "dependencies": {
        "has-flag": "^4.0.0"
      },
      "engines": {
        "node": ">=8"
      }
    },
    "node_modules/text-decoder": {
      "version": "1.2.0",
      "resolved": "https://registry.npmjs.org/text-decoder/-/text-decoder-1.2.0.tgz",
      "integrity": "sha512-n1yg1mOj9DNpk3NeZOx7T6jchTbyJS3i3cucbNN6FcdPriMZx7NsgrGpWWdWZZGxD7ES1XB+3uoqHMgOKaN+fg==",
      "license": "Apache-2.0",
      "dependencies": {
        "b4a": "^1.6.4"
      }
    },
    "node_modules/timeout-refresh": {
      "version": "2.0.1",
      "resolved": "https://registry.npmjs.org/timeout-refresh/-/timeout-refresh-2.0.1.tgz",
      "integrity": "sha512-SVqEcMZBsZF9mA78rjzCrYrUs37LMJk3ShZ851ygZYW1cMeIjs9mL57KO6Iv5mmjSQnOe/29/VAfGXo+oRCiVw==",
      "license": "MIT"
    },
    "node_modules/tiny-buffer-map": {
      "version": "1.1.1",
      "resolved": "https://registry.npmjs.org/tiny-buffer-map/-/tiny-buffer-map-1.1.1.tgz",
      "integrity": "sha512-C1eDw6ks9CmkDbWVCPHobuixPTkxGa7IDERlaVk98dv4tOUdz42o3haHBr0uhNxbj0gczBTVIyS2uQsu+1vc2Q==",
      "license": "MIT",
      "dependencies": {
        "b4a": "^1.6.0"
      }
    },
    "node_modules/tiny-emitter": {
      "version": "2.1.0",
      "resolved": "https://registry.npmjs.org/tiny-emitter/-/tiny-emitter-2.1.0.tgz",
      "integrity": "sha512-NB6Dk1A9xgQPMoGqC5CVXn123gWyte215ONT5Pp5a0yt4nlEoO1ZWeCwpncaekPHXO60i47ihFnZPiRPjRMq4Q==",
      "license": "MIT"
    },
    "node_modules/tmatch": {
      "version": "5.0.0",
      "resolved": "https://registry.npmjs.org/tmatch/-/tmatch-5.0.0.tgz",
      "integrity": "sha512-Ib9OtBkpHn07tXP04SlN1SYRxFgTk6wSM2EBmjjxug4u5RXPRVLkdFJSS1PmrQidaSB8Lru9nRtViQBsbxzE5Q==",
      "dev": true,
      "license": "ISC",
      "engines": {
        "node": ">=8"
      }
    },
    "node_modules/unslab": {
      "version": "1.3.0",
      "resolved": "https://registry.npmjs.org/unslab/-/unslab-1.3.0.tgz",
      "integrity": "sha512-YATkfKAFj47kTzmiQrWXMyRvaVrHsW6MEALa4bm+FhiA2YG4oira+Z3DXN6LrYOYn2Y8eO94Lwl9DOHjs1FpoQ==",
      "license": "Apache-2.0",
      "dependencies": {
        "b4a": "^1.6.6"
      }
    },
    "node_modules/v8-to-istanbul": {
      "version": "9.3.0",
      "resolved": "https://registry.npmjs.org/v8-to-istanbul/-/v8-to-istanbul-9.3.0.tgz",
      "integrity": "sha512-kiGUalWN+rgBJ/1OHZsBtU4rXZOfj/7rKQxULKlIzwzQSvMJUUNgPwJEEh7gU6xEVxC0ahoOBvN2YI8GH6FNgA==",
      "dev": true,
      "license": "ISC",
      "dependencies": {
        "@jridgewell/trace-mapping": "^0.3.12",
        "@types/istanbul-lib-coverage": "^2.0.1",
        "convert-source-map": "^2.0.0"
      },
      "engines": {
        "node": ">=10.12.0"
      }
    },
    "node_modules/varint": {
      "version": "5.0.0",
      "resolved": "https://registry.npmjs.org/varint/-/varint-5.0.0.tgz",
      "integrity": "sha512-gC13b/bWrqQoKY2EmROCZ+AR0jitc6DnDGaQ6Ls9QpKmuSgJB1eQ7H3KETtQm7qSdMWMKCmsshyCmUwMLh3OAA==",
      "license": "MIT"
    },
    "node_modules/xache": {
      "version": "1.2.1",
      "resolved": "https://registry.npmjs.org/xache/-/xache-1.2.1.tgz",
      "integrity": "sha512-igRS6jPreJ54ABdzhh4mCDXcz+XMaWO2q1ABRV2yWYuk29jlp8VT7UBdCqNkX7rpYBbXsebVVKkwIuYZjyZNqA==",
      "license": "MIT"
    },
    "node_modules/z32": {
      "version": "1.1.0",
      "resolved": "https://registry.npmjs.org/z32/-/z32-1.1.0.tgz",
      "integrity": "sha512-1WUHy+VS6d0HPNspDxvLssBbeQjXMjSnpv0vH82vRAUfg847NmX3OXozp/hRP5jPhxBbrVzrgvAt+UsGNzRFQQ==",
      "license": "MIT",
      "dependencies": {
        "b4a": "^1.5.3"
      }
    }
  }
}
